// !$*UTF8*$!
{
	archiveVersion = 1;
	classes = {
	};
	objectVersion = 55;
	objects = {

/* Begin PBXBuildFile section */
		2C68377328237A0800251070 /* AppDelegate.swift in Sources */ = {isa = PBXBuildFile; fileRef = 2C68377228237A0800251070 /* AppDelegate.swift */; };
		2C68377528237A0800251070 /* SceneDelegate.swift in Sources */ = {isa = PBXBuildFile; fileRef = 2C68377428237A0800251070 /* SceneDelegate.swift */; };
		2C68377728237A0800251070 /* HomeVC.swift in Sources */ = {isa = PBXBuildFile; fileRef = 2C68377628237A0800251070 /* HomeVC.swift */; };
		2C68377A28237A0800251070 /* Main.storyboard in Resources */ = {isa = PBXBuildFile; fileRef = 2C68377828237A0800251070 /* Main.storyboard */; };
		2C68377C28237A0A00251070 /* Assets.xcassets in Resources */ = {isa = PBXBuildFile; fileRef = 2C68377B28237A0A00251070 /* Assets.xcassets */; };
		2C68377F28237A0A00251070 /* LaunchScreen.storyboard in Resources */ = {isa = PBXBuildFile; fileRef = 2C68377D28237A0A00251070 /* LaunchScreen.storyboard */; };
		2C6837B1282B9A4300251070 /* FoodVC.swift in Sources */ = {isa = PBXBuildFile; fileRef = 2C6837B0282B9A4300251070 /* FoodVC.swift */; };
		2C6837B3282BA47400251070 /* Food.swift in Sources */ = {isa = PBXBuildFile; fileRef = 2C6837B2282BA47400251070 /* Food.swift */; };
		2C6837B5282BA55500251070 /* Exercise.swift in Sources */ = {isa = PBXBuildFile; fileRef = 2C6837B4282BA55500251070 /* Exercise.swift */; };
		DD53BD8328312A840000FB23 /* seaweed.jpg in Resources */ = {isa = PBXBuildFile; fileRef = DD53BD8228312A840000FB23 /* seaweed.jpg */; };
		DD53BD8528312ABC0000FB23 /* shrimp.jpg in Resources */ = {isa = PBXBuildFile; fileRef = DD53BD8428312ABC0000FB23 /* shrimp.jpg */; };
		DD53BD8728312AC20000FB23 /* pumpkin.jpg in Resources */ = {isa = PBXBuildFile; fileRef = DD53BD8628312AC20000FB23 /* pumpkin.jpg */; };
		DD53BD8928312AC80000FB23 /* pork.jpg in Resources */ = {isa = PBXBuildFile; fileRef = DD53BD8828312AC80000FB23 /* pork.jpg */; };
		DD53BD8B28312AD10000FB23 /* peach.jpg in Resources */ = {isa = PBXBuildFile; fileRef = DD53BD8A28312AD10000FB23 /* peach.jpg */; };
		DD53BD8D28312AD90000FB23 /* pasta.jpg in Resources */ = {isa = PBXBuildFile; fileRef = DD53BD8C28312AD90000FB23 /* pasta.jpg */; };
		DD53BD8F28312ADF0000FB23 /* orange.jpg in Resources */ = {isa = PBXBuildFile; fileRef = DD53BD8E28312ADF0000FB23 /* orange.jpg */; };
		DD53BD9128312AE40000FB23 /* mushroom.jpg in Resources */ = {isa = PBXBuildFile; fileRef = DD53BD9028312AE40000FB23 /* mushroom.jpg */; };
		DD53BD9328312AEA0000FB23 /* mango.jpg in Resources */ = {isa = PBXBuildFile; fileRef = DD53BD9228312AEA0000FB23 /* mango.jpg */; };
		DD53BD9528312AF30000FB23 /* lamb.jpg in Resources */ = {isa = PBXBuildFile; fileRef = DD53BD9428312AF30000FB23 /* lamb.jpg */; };
		DD53BD9728312AF80000FB23 /* grape.jpg in Resources */ = {isa = PBXBuildFile; fileRef = DD53BD9628312AF80000FB23 /* grape.jpg */; };
		DD53BD9928312AFD0000FB23 /* fish.jpg in Resources */ = {isa = PBXBuildFile; fileRef = DD53BD9828312AFD0000FB23 /* fish.jpg */; };
		DD53BD9B28312B070000FB23 /* egg.jpg in Resources */ = {isa = PBXBuildFile; fileRef = DD53BD9A28312B070000FB23 /* egg.jpg */; };
		DD53BD9D28312B0C0000FB23 /* corn.jpg in Resources */ = {isa = PBXBuildFile; fileRef = DD53BD9C28312B0C0000FB23 /* corn.jpg */; };
		DD53BD9F28312B110000FB23 /* chips.jpg in Resources */ = {isa = PBXBuildFile; fileRef = DD53BD9E28312B110000FB23 /* chips.jpg */; };
		DD53BDA128312B140000FB23 /* chicken.jpg in Resources */ = {isa = PBXBuildFile; fileRef = DD53BDA028312B140000FB23 /* chicken.jpg */; };
		DD53BDA328312B1D0000FB23 /* cheese.jpg in Resources */ = {isa = PBXBuildFile; fileRef = DD53BDA228312B1D0000FB23 /* cheese.jpg */; };
		DD53BDA528312B230000FB23 /* bread.jpg in Resources */ = {isa = PBXBuildFile; fileRef = DD53BDA428312B230000FB23 /* bread.jpg */; };
		DD53BDA928312B300000FB23 /* watermelon.jpg in Resources */ = {isa = PBXBuildFile; fileRef = DD53BDA628312B300000FB23 /* watermelon.jpg */; };
		DD53BDAA28312B300000FB23 /* apple.jpg in Resources */ = {isa = PBXBuildFile; fileRef = DD53BDA728312B300000FB23 /* apple.jpg */; };
		DD53BDAB28312B300000FB23 /* beef.jpg in Resources */ = {isa = PBXBuildFile; fileRef = DD53BDA828312B300000FB23 /* beef.jpg */; };
/* End PBXBuildFile section */

/* Begin PBXFileReference section */
		2C68376F28237A0800251070 /* iosAssessment3.app */ = {isa = PBXFileReference; explicitFileType = wrapper.application; includeInIndex = 0; path = iosAssessment3.app; sourceTree = BUILT_PRODUCTS_DIR; };
		2C68377228237A0800251070 /* AppDelegate.swift */ = {isa = PBXFileReference; lastKnownFileType = sourcecode.swift; path = AppDelegate.swift; sourceTree = "<group>"; };
		2C68377428237A0800251070 /* SceneDelegate.swift */ = {isa = PBXFileReference; lastKnownFileType = sourcecode.swift; path = SceneDelegate.swift; sourceTree = "<group>"; };
		2C68377628237A0800251070 /* HomeVC.swift */ = {isa = PBXFileReference; lastKnownFileType = sourcecode.swift; path = HomeVC.swift; sourceTree = "<group>"; };
		2C68377928237A0800251070 /* Base */ = {isa = PBXFileReference; lastKnownFileType = file.storyboard; name = Base; path = Base.lproj/Main.storyboard; sourceTree = "<group>"; };
		2C68377B28237A0A00251070 /* Assets.xcassets */ = {isa = PBXFileReference; lastKnownFileType = folder.assetcatalog; path = Assets.xcassets; sourceTree = "<group>"; };
		2C68377E28237A0A00251070 /* Base */ = {isa = PBXFileReference; lastKnownFileType = file.storyboard; name = Base; path = Base.lproj/LaunchScreen.storyboard; sourceTree = "<group>"; };
		2C68378028237A0A00251070 /* Info.plist */ = {isa = PBXFileReference; lastKnownFileType = text.plist.xml; path = Info.plist; sourceTree = "<group>"; };
		2C6837B0282B9A4300251070 /* FoodVC.swift */ = {isa = PBXFileReference; lastKnownFileType = sourcecode.swift; path = FoodVC.swift; sourceTree = "<group>"; };
		2C6837B2282BA47400251070 /* Food.swift */ = {isa = PBXFileReference; lastKnownFileType = sourcecode.swift; path = Food.swift; sourceTree = "<group>"; };
		2C6837B4282BA55500251070 /* Exercise.swift */ = {isa = PBXFileReference; lastKnownFileType = sourcecode.swift; path = Exercise.swift; sourceTree = "<group>"; };
		DD53BD8228312A840000FB23 /* seaweed.jpg */ = {isa = PBXFileReference; lastKnownFileType = image.jpeg; name = seaweed.jpg; path = "../../../../../Desktop/Food Calories/seaweed.jpg"; sourceTree = "<group>"; };
		DD53BD8428312ABC0000FB23 /* shrimp.jpg */ = {isa = PBXFileReference; lastKnownFileType = image.jpeg; name = shrimp.jpg; path = "../../../../../Desktop/Food Calories/shrimp.jpg"; sourceTree = "<group>"; };
		DD53BD8628312AC20000FB23 /* pumpkin.jpg */ = {isa = PBXFileReference; lastKnownFileType = image.jpeg; name = pumpkin.jpg; path = "../../../../../Desktop/Food Calories/pumpkin.jpg"; sourceTree = "<group>"; };
		DD53BD8828312AC80000FB23 /* pork.jpg */ = {isa = PBXFileReference; lastKnownFileType = image.jpeg; name = pork.jpg; path = "../../../../../Desktop/Food Calories/pork.jpg"; sourceTree = "<group>"; };
		DD53BD8A28312AD10000FB23 /* peach.jpg */ = {isa = PBXFileReference; lastKnownFileType = image.jpeg; name = peach.jpg; path = "../../../../../Desktop/Food Calories/peach.jpg"; sourceTree = "<group>"; };
		DD53BD8C28312AD90000FB23 /* pasta.jpg */ = {isa = PBXFileReference; lastKnownFileType = image.jpeg; name = pasta.jpg; path = "../../../../../Desktop/Food Calories/pasta.jpg"; sourceTree = "<group>"; };
		DD53BD8E28312ADF0000FB23 /* orange.jpg */ = {isa = PBXFileReference; lastKnownFileType = image.jpeg; name = orange.jpg; path = "../../../../../Desktop/Food Calories/orange.jpg"; sourceTree = "<group>"; };
		DD53BD9028312AE40000FB23 /* mushroom.jpg */ = {isa = PBXFileReference; lastKnownFileType = image.jpeg; name = mushroom.jpg; path = "../../../../../Desktop/Food Calories/mushroom.jpg"; sourceTree = "<group>"; };
		DD53BD9228312AEA0000FB23 /* mango.jpg */ = {isa = PBXFileReference; lastKnownFileType = image.jpeg; name = mango.jpg; path = "../../../../../Desktop/Food Calories/mango.jpg"; sourceTree = "<group>"; };
		DD53BD9428312AF30000FB23 /* lamb.jpg */ = {isa = PBXFileReference; lastKnownFileType = image.jpeg; name = lamb.jpg; path = "../../../../../Desktop/Food Calories/lamb.jpg"; sourceTree = "<group>"; };
		DD53BD9628312AF80000FB23 /* grape.jpg */ = {isa = PBXFileReference; lastKnownFileType = image.jpeg; name = grape.jpg; path = "../../../../../Desktop/Food Calories/grape.jpg"; sourceTree = "<group>"; };
		DD53BD9828312AFD0000FB23 /* fish.jpg */ = {isa = PBXFileReference; lastKnownFileType = image.jpeg; name = fish.jpg; path = "../../../../../Desktop/Food Calories/fish.jpg"; sourceTree = "<group>"; };
		DD53BD9A28312B070000FB23 /* egg.jpg */ = {isa = PBXFileReference; lastKnownFileType = image.jpeg; name = egg.jpg; path = "../../../../../Desktop/Food Calories/egg.jpg"; sourceTree = "<group>"; };
		DD53BD9C28312B0C0000FB23 /* corn.jpg */ = {isa = PBXFileReference; lastKnownFileType = image.jpeg; name = corn.jpg; path = "../../../../../Desktop/Food Calories/corn.jpg"; sourceTree = "<group>"; };
		DD53BD9E28312B110000FB23 /* chips.jpg */ = {isa = PBXFileReference; lastKnownFileType = image.jpeg; name = chips.jpg; path = "../../../../../Desktop/Food Calories/chips.jpg"; sourceTree = "<group>"; };
		DD53BDA028312B140000FB23 /* chicken.jpg */ = {isa = PBXFileReference; lastKnownFileType = image.jpeg; name = chicken.jpg; path = "../../../../../Desktop/Food Calories/chicken.jpg"; sourceTree = "<group>"; };
		DD53BDA228312B1D0000FB23 /* cheese.jpg */ = {isa = PBXFileReference; lastKnownFileType = image.jpeg; name = cheese.jpg; path = "../../../../../Desktop/Food Calories/cheese.jpg"; sourceTree = "<group>"; };
		DD53BDA428312B230000FB23 /* bread.jpg */ = {isa = PBXFileReference; lastKnownFileType = image.jpeg; name = bread.jpg; path = "../../../../../Desktop/Food Calories/bread.jpg"; sourceTree = "<group>"; };
		DD53BDA628312B300000FB23 /* watermelon.jpg */ = {isa = PBXFileReference; lastKnownFileType = image.jpeg; name = watermelon.jpg; path = "../../../../../Desktop/Food Calories/watermelon.jpg"; sourceTree = "<group>"; };
		DD53BDA728312B300000FB23 /* apple.jpg */ = {isa = PBXFileReference; lastKnownFileType = image.jpeg; name = apple.jpg; path = "../../../../../Desktop/Food Calories/apple.jpg"; sourceTree = "<group>"; };
		DD53BDA828312B300000FB23 /* beef.jpg */ = {isa = PBXFileReference; lastKnownFileType = image.jpeg; name = beef.jpg; path = "../../../../../Desktop/Food Calories/beef.jpg"; sourceTree = "<group>"; };
/* End PBXFileReference section */

/* Begin PBXFrameworksBuildPhase section */
		2C68376C28237A0800251070 /* Frameworks */ = {
			isa = PBXFrameworksBuildPhase;
			buildActionMask = 2147483647;
			files = (
			);
			runOnlyForDeploymentPostprocessing = 0;
		};
/* End PBXFrameworksBuildPhase section */

/* Begin PBXGroup section */
		2C68376628237A0800251070 = {
			isa = PBXGroup;
			children = (
				2C68377128237A0800251070 /* iosAssessment3 */,
				2C68377028237A0800251070 /* Products */,
			);
			sourceTree = "<group>";
		};
		2C68377028237A0800251070 /* Products */ = {
			isa = PBXGroup;
			children = (
				2C68376F28237A0800251070 /* iosAssessment3.app */,
			);
			name = Products;
			sourceTree = "<group>";
		};
		2C68377128237A0800251070 /* iosAssessment3 */ = {
			isa = PBXGroup;
			children = (
				2C6837BA282BB0E900251070 /* photo */,
				2C68378928237B6800251070 /* model */,
				2C68378828237B6100251070 /* service */,
				2C68378728237B5900251070 /* contoller */,
				2C68378628237B5300251070 /* view */,
				2C68377228237A0800251070 /* AppDelegate.swift */,
				2C68377428237A0800251070 /* SceneDelegate.swift */,
				2C68377B28237A0A00251070 /* Assets.xcassets */,
				2C68377D28237A0A00251070 /* LaunchScreen.storyboard */,
				2C68378028237A0A00251070 /* Info.plist */,
			);
			path = iosAssessment3;
			sourceTree = "<group>";
		};
		2C68378628237B5300251070 /* view */ = {
			isa = PBXGroup;
			children = (
				2C68377828237A0800251070 /* Main.storyboard */,
			);
			path = view;
			sourceTree = "<group>";
		};
		2C68378728237B5900251070 /* contoller */ = {
			isa = PBXGroup;
			children = (
				2C68377628237A0800251070 /* HomeVC.swift */,
				2C6837B0282B9A4300251070 /* FoodVC.swift */,
			);
			path = contoller;
			sourceTree = "<group>";
		};
		2C68378828237B6100251070 /* service */ = {
			isa = PBXGroup;
			children = (
			);
			path = service;
			sourceTree = "<group>";
		};
		2C68378928237B6800251070 /* model */ = {
			isa = PBXGroup;
			children = (
				2C6837B2282BA47400251070 /* Food.swift */,
				2C6837B4282BA55500251070 /* Exercise.swift */,
			);
			path = model;
			sourceTree = "<group>";
		};
		2C6837BA282BB0E900251070 /* photo */ = {
			isa = PBXGroup;
			children = (
				DD53BD8228312A840000FB23 /* seaweed.jpg */,
				DD53BD8428312ABC0000FB23 /* shrimp.jpg */,
				DD53BD8628312AC20000FB23 /* pumpkin.jpg */,
				DD53BD8828312AC80000FB23 /* pork.jpg */,
				DD53BD8A28312AD10000FB23 /* peach.jpg */,
				DD53BD8C28312AD90000FB23 /* pasta.jpg */,
				DD53BD8E28312ADF0000FB23 /* orange.jpg */,
				DD53BD9028312AE40000FB23 /* mushroom.jpg */,
				DD53BD9228312AEA0000FB23 /* mango.jpg */,
				DD53BD9428312AF30000FB23 /* lamb.jpg */,
				DD53BD9628312AF80000FB23 /* grape.jpg */,
				DD53BD9828312AFD0000FB23 /* fish.jpg */,
				DD53BD9A28312B070000FB23 /* egg.jpg */,
				DD53BD9C28312B0C0000FB23 /* corn.jpg */,
				DD53BD9E28312B110000FB23 /* chips.jpg */,
				DD53BDA028312B140000FB23 /* chicken.jpg */,
				DD53BDA228312B1D0000FB23 /* cheese.jpg */,
				DD53BDA428312B230000FB23 /* bread.jpg */,
				DD53BDA728312B300000FB23 /* apple.jpg */,
				DD53BDA828312B300000FB23 /* beef.jpg */,
				DD53BDA628312B300000FB23 /* watermelon.jpg */,
			);
			path = photo;
			sourceTree = "<group>";
		};
/* End PBXGroup section */

/* Begin PBXNativeTarget section */
		2C68376E28237A0800251070 /* iosAssessment3 */ = {
			isa = PBXNativeTarget;
			buildConfigurationList = 2C68378328237A0A00251070 /* Build configuration list for PBXNativeTarget "iosAssessment3" */;
			buildPhases = (
				2C68376B28237A0800251070 /* Sources */,
				2C68376C28237A0800251070 /* Frameworks */,
				2C68376D28237A0800251070 /* Resources */,
			);
			buildRules = (
			);
			dependencies = (
			);
			name = iosAssessment3;
			productName = iosAssessment3;
			productReference = 2C68376F28237A0800251070 /* iosAssessment3.app */;
			productType = "com.apple.product-type.application";
		};
/* End PBXNativeTarget section */

/* Begin PBXProject section */
		2C68376728237A0800251070 /* Project object */ = {
			isa = PBXProject;
			attributes = {
				BuildIndependentTargetsInParallel = 1;
				LastSwiftUpdateCheck = 1330;
				LastUpgradeCheck = 1330;
				TargetAttributes = {
					2C68376E28237A0800251070 = {
						CreatedOnToolsVersion = 13.3.1;
					};
				};
			};
			buildConfigurationList = 2C68376A28237A0800251070 /* Build configuration list for PBXProject "iosAssessment3" */;
			compatibilityVersion = "Xcode 13.0";
			developmentRegion = en;
			hasScannedForEncodings = 0;
			knownRegions = (
				en,
				Base,
			);
			mainGroup = 2C68376628237A0800251070;
			productRefGroup = 2C68377028237A0800251070 /* Products */;
			projectDirPath = "";
			projectRoot = "";
			targets = (
				2C68376E28237A0800251070 /* iosAssessment3 */,
			);
		};
/* End PBXProject section */

/* Begin PBXResourcesBuildPhase section */
		2C68376D28237A0800251070 /* Resources */ = {
			isa = PBXResourcesBuildPhase;
			buildActionMask = 2147483647;
			files = (
				2C68377F28237A0A00251070 /* LaunchScreen.storyboard in Resources */,
				DD53BDAB28312B300000FB23 /* beef.jpg in Resources */,
				DD53BD9928312AFD0000FB23 /* fish.jpg in Resources */,
				DD53BD8B28312AD10000FB23 /* peach.jpg in Resources */,
				DD53BDA128312B140000FB23 /* chicken.jpg in Resources */,
				DD53BD8328312A840000FB23 /* seaweed.jpg in Resources */,
				DD53BD8F28312ADF0000FB23 /* orange.jpg in Resources */,
				2C68377C28237A0A00251070 /* Assets.xcassets in Resources */,
				DD53BD8928312AC80000FB23 /* pork.jpg in Resources */,
				DD53BDA528312B230000FB23 /* bread.jpg in Resources */,
				DD53BD9528312AF30000FB23 /* lamb.jpg in Resources */,
				DD53BD9328312AEA0000FB23 /* mango.jpg in Resources */,
				DD53BDA328312B1D0000FB23 /* cheese.jpg in Resources */,
				DD53BD9F28312B110000FB23 /* chips.jpg in Resources */,
				DD53BD9B28312B070000FB23 /* egg.jpg in Resources */,
				DD53BD8D28312AD90000FB23 /* pasta.jpg in Resources */,
				2C68377A28237A0800251070 /* Main.storyboard in Resources */,
				DD53BD8728312AC20000FB23 /* pumpkin.jpg in Resources */,
				DD53BD9728312AF80000FB23 /* grape.jpg in Resources */,
				DD53BD9128312AE40000FB23 /* mushroom.jpg in Resources */,
				DD53BDA928312B300000FB23 /* watermelon.jpg in Resources */,
				DD53BD8528312ABC0000FB23 /* shrimp.jpg in Resources */,
				DD53BD9D28312B0C0000FB23 /* corn.jpg in Resources */,
				DD53BDAA28312B300000FB23 /* apple.jpg in Resources */,
			);
			runOnlyForDeploymentPostprocessing = 0;
		};
/* End PBXResourcesBuildPhase section */

/* Begin PBXSourcesBuildPhase section */
		2C68376B28237A0800251070 /* Sources */ = {
			isa = PBXSourcesBuildPhase;
			buildActionMask = 2147483647;
			files = (
				2C6837B1282B9A4300251070 /* FoodVC.swift in Sources */,
				2C68377728237A0800251070 /* HomeVC.swift in Sources */,
				2C6837B3282BA47400251070 /* Food.swift in Sources */,
				2C68377328237A0800251070 /* AppDelegate.swift in Sources */,
				2C68377528237A0800251070 /* SceneDelegate.swift in Sources */,
				2C6837B5282BA55500251070 /* Exercise.swift in Sources */,
			);
			runOnlyForDeploymentPostprocessing = 0;
		};
/* End PBXSourcesBuildPhase section */

/* Begin PBXVariantGroup section */
		2C68377828237A0800251070 /* Main.storyboard */ = {
			isa = PBXVariantGroup;
			children = (
				2C68377928237A0800251070 /* Base */,
			);
			name = Main.storyboard;
			sourceTree = "<group>";
		};
		2C68377D28237A0A00251070 /* LaunchScreen.storyboard */ = {
			isa = PBXVariantGroup;
			children = (
				2C68377E28237A0A00251070 /* Base */,
			);
			name = LaunchScreen.storyboard;
			sourceTree = "<group>";
		};
/* End PBXVariantGroup section */

/* Begin XCBuildConfiguration section */
		2C68378128237A0A00251070 /* Debug */ = {
			isa = XCBuildConfiguration;
			buildSettings = {
				ALWAYS_SEARCH_USER_PATHS = NO;
				CLANG_ANALYZER_NONNULL = YES;
				CLANG_ANALYZER_NUMBER_OBJECT_CONVERSION = YES_AGGRESSIVE;
				CLANG_CXX_LANGUAGE_STANDARD = "gnu++17";
				CLANG_ENABLE_MODULES = YES;
				CLANG_ENABLE_OBJC_ARC = YES;
				CLANG_ENABLE_OBJC_WEAK = YES;
				CLANG_WARN_BLOCK_CAPTURE_AUTORELEASING = YES;
				CLANG_WARN_BOOL_CONVERSION = YES;
				CLANG_WARN_COMMA = YES;
				CLANG_WARN_CONSTANT_CONVERSION = YES;
				CLANG_WARN_DEPRECATED_OBJC_IMPLEMENTATIONS = YES;
				CLANG_WARN_DIRECT_OBJC_ISA_USAGE = YES_ERROR;
				CLANG_WARN_DOCUMENTATION_COMMENTS = YES;
				CLANG_WARN_EMPTY_BODY = YES;
				CLANG_WARN_ENUM_CONVERSION = YES;
				CLANG_WARN_INFINITE_RECURSION = YES;
				CLANG_WARN_INT_CONVERSION = YES;
				CLANG_WARN_NON_LITERAL_NULL_CONVERSION = YES;
				CLANG_WARN_OBJC_IMPLICIT_RETAIN_SELF = YES;
				CLANG_WARN_OBJC_LITERAL_CONVERSION = YES;
				CLANG_WARN_OBJC_ROOT_CLASS = YES_ERROR;
				CLANG_WARN_QUOTED_INCLUDE_IN_FRAMEWORK_HEADER = YES;
				CLANG_WARN_RANGE_LOOP_ANALYSIS = YES;
				CLANG_WARN_STRICT_PROTOTYPES = YES;
				CLANG_WARN_SUSPICIOUS_MOVE = YES;
				CLANG_WARN_UNGUARDED_AVAILABILITY = YES_AGGRESSIVE;
				CLANG_WARN_UNREACHABLE_CODE = YES;
				CLANG_WARN__DUPLICATE_METHOD_MATCH = YES;
				COPY_PHASE_STRIP = NO;
				DEBUG_INFORMATION_FORMAT = dwarf;
				ENABLE_STRICT_OBJC_MSGSEND = YES;
				ENABLE_TESTABILITY = YES;
				GCC_C_LANGUAGE_STANDARD = gnu11;
				GCC_DYNAMIC_NO_PIC = NO;
				GCC_NO_COMMON_BLOCKS = YES;
				GCC_OPTIMIZATION_LEVEL = 0;
				GCC_PREPROCESSOR_DEFINITIONS = (
					"DEBUG=1",
					"$(inherited)",
				);
				GCC_WARN_64_TO_32_BIT_CONVERSION = YES;
				GCC_WARN_ABOUT_RETURN_TYPE = YES_ERROR;
				GCC_WARN_UNDECLARED_SELECTOR = YES;
				GCC_WARN_UNINITIALIZED_AUTOS = YES_AGGRESSIVE;
				GCC_WARN_UNUSED_FUNCTION = YES;
				GCC_WARN_UNUSED_VARIABLE = YES;
				IPHONEOS_DEPLOYMENT_TARGET = 15.4;
				MTL_ENABLE_DEBUG_INFO = INCLUDE_SOURCE;
				MTL_FAST_MATH = YES;
				ONLY_ACTIVE_ARCH = YES;
				SDKROOT = iphoneos;
				SWIFT_ACTIVE_COMPILATION_CONDITIONS = DEBUG;
				SWIFT_OPTIMIZATION_LEVEL = "-Onone";
			};
			name = Debug;
		};
		2C68378228237A0A00251070 /* Release */ = {
			isa = XCBuildConfiguration;
			buildSettings = {
				ALWAYS_SEARCH_USER_PATHS = NO;
				CLANG_ANALYZER_NONNULL = YES;
				CLANG_ANALYZER_NUMBER_OBJECT_CONVERSION = YES_AGGRESSIVE;
				CLANG_CXX_LANGUAGE_STANDARD = "gnu++17";
				CLANG_ENABLE_MODULES = YES;
				CLANG_ENABLE_OBJC_ARC = YES;
				CLANG_ENABLE_OBJC_WEAK = YES;
				CLANG_WARN_BLOCK_CAPTURE_AUTORELEASING = YES;
				CLANG_WARN_BOOL_CONVERSION = YES;
				CLANG_WARN_COMMA = YES;
				CLANG_WARN_CONSTANT_CONVERSION = YES;
				CLANG_WARN_DEPRECATED_OBJC_IMPLEMENTATIONS = YES;
				CLANG_WARN_DIRECT_OBJC_ISA_USAGE = YES_ERROR;
				CLANG_WARN_DOCUMENTATION_COMMENTS = YES;
				CLANG_WARN_EMPTY_BODY = YES;
				CLANG_WARN_ENUM_CONVERSION = YES;
				CLANG_WARN_INFINITE_RECURSION = YES;
				CLANG_WARN_INT_CONVERSION = YES;
				CLANG_WARN_NON_LITERAL_NULL_CONVERSION = YES;
				CLANG_WARN_OBJC_IMPLICIT_RETAIN_SELF = YES;
				CLANG_WARN_OBJC_LITERAL_CONVERSION = YES;
				CLANG_WARN_OBJC_ROOT_CLASS = YES_ERROR;
				CLANG_WARN_QUOTED_INCLUDE_IN_FRAMEWORK_HEADER = YES;
				CLANG_WARN_RANGE_LOOP_ANALYSIS = YES;
				CLANG_WARN_STRICT_PROTOTYPES = YES;
				CLANG_WARN_SUSPICIOUS_MOVE = YES;
				CLANG_WARN_UNGUARDED_AVAILABILITY = YES_AGGRESSIVE;
				CLANG_WARN_UNREACHABLE_CODE = YES;
				CLANG_WARN__DUPLICATE_METHOD_MATCH = YES;
				COPY_PHASE_STRIP = NO;
				DEBUG_INFORMATION_FORMAT = "dwarf-with-dsym";
				ENABLE_NS_ASSERTIONS = NO;
				ENABLE_STRICT_OBJC_MSGSEND = YES;
				GCC_C_LANGUAGE_STANDARD = gnu11;
				GCC_NO_COMMON_BLOCKS = YES;
				GCC_WARN_64_TO_32_BIT_CONVERSION = YES;
				GCC_WARN_ABOUT_RETURN_TYPE = YES_ERROR;
				GCC_WARN_UNDECLARED_SELECTOR = YES;
				GCC_WARN_UNINITIALIZED_AUTOS = YES_AGGRESSIVE;
				GCC_WARN_UNUSED_FUNCTION = YES;
				GCC_WARN_UNUSED_VARIABLE = YES;
				IPHONEOS_DEPLOYMENT_TARGET = 15.4;
				MTL_ENABLE_DEBUG_INFO = NO;
				MTL_FAST_MATH = YES;
				SDKROOT = iphoneos;
				SWIFT_COMPILATION_MODE = wholemodule;
				SWIFT_OPTIMIZATION_LEVEL = "-O";
				VALIDATE_PRODUCT = YES;
			};
			name = Release;
		};
		2C68378428237A0A00251070 /* Debug */ = {
			isa = XCBuildConfiguration;
			buildSettings = {
				ASSETCATALOG_COMPILER_APPICON_NAME = AppIcon;
				ASSETCATALOG_COMPILER_GLOBAL_ACCENT_COLOR_NAME = AccentColor;
				CODE_SIGN_STYLE = Automatic;
				CURRENT_PROJECT_VERSION = 1;
				DEVELOPMENT_TEAM = 6D9K9TX262;
				GENERATE_INFOPLIST_FILE = YES;
				INFOPLIST_FILE = iosAssessment3/Info.plist;
				INFOPLIST_KEY_UIApplicationSupportsIndirectInputEvents = YES;
				INFOPLIST_KEY_UILaunchStoryboardName = LaunchScreen;
				INFOPLIST_KEY_UIMainStoryboardFile = Main;
				INFOPLIST_KEY_UISupportedInterfaceOrientations_iPad = "UIInterfaceOrientationPortrait UIInterfaceOrientationPortraitUpsideDown UIInterfaceOrientationLandscapeLeft UIInterfaceOrientationLandscapeRight";
				INFOPLIST_KEY_UISupportedInterfaceOrientations_iPhone = "UIInterfaceOrientationPortrait UIInterfaceOrientationLandscapeLeft UIInterfaceOrientationLandscapeRight";
				IPHONEOS_DEPLOYMENT_TARGET = 15.2;
				LD_RUNPATH_SEARCH_PATHS = (
					"$(inherited)",
					"@executable_path/Frameworks",
				);
				MARKETING_VERSION = 1.0;
				PRODUCT_BUNDLE_IDENTIFIER = com.wjb.iosAssessment3;
				PRODUCT_NAME = "$(TARGET_NAME)";
				SWIFT_EMIT_LOC_STRINGS = YES;
				SWIFT_VERSION = 5.0;
				TARGETED_DEVICE_FAMILY = "1,2";
			};
			name = Debug;
		};
		2C68378528237A0A00251070 /* Release */ = {
			isa = XCBuildConfiguration;
			buildSettings = {
				ASSETCATALOG_COMPILER_APPICON_NAME = AppIcon;
				ASSETCATALOG_COMPILER_GLOBAL_ACCENT_COLOR_NAME = AccentColor;
				CODE_SIGN_STYLE = Automatic;
				CURRENT_PROJECT_VERSION = 1;
				DEVELOPMENT_TEAM = 6D9K9TX262;
				GENERATE_INFOPLIST_FILE = YES;
				INFOPLIST_FILE = iosAssessment3/Info.plist;
				INFOPLIST_KEY_UIApplicationSupportsIndirectInputEvents = YES;
				INFOPLIST_KEY_UILaunchStoryboardName = LaunchScreen;
				INFOPLIST_KEY_UIMainStoryboardFile = Main;
				INFOPLIST_KEY_UISupportedInterfaceOrientations_iPad = "UIInterfaceOrientationPortrait UIInterfaceOrientationPortraitUpsideDown UIInterfaceOrientationLandscapeLeft UIInterfaceOrientationLandscapeRight";
				INFOPLIST_KEY_UISupportedInterfaceOrientations_iPhone = "UIInterfaceOrientationPortrait UIInterfaceOrientationLandscapeLeft UIInterfaceOrientationLandscapeRight";
				IPHONEOS_DEPLOYMENT_TARGET = 15.2;
				LD_RUNPATH_SEARCH_PATHS = (
					"$(inherited)",
					"@executable_path/Frameworks",
				);
				MARKETING_VERSION = 1.0;
				PRODUCT_BUNDLE_IDENTIFIER = com.wjb.iosAssessment3;
				PRODUCT_NAME = "$(TARGET_NAME)";
				SWIFT_EMIT_LOC_STRINGS = YES;
				SWIFT_VERSION = 5.0;
				TARGETED_DEVICE_FAMILY = "1,2";
			};
			name = Release;
		};
/* End XCBuildConfiguration section */

/* Begin XCConfigurationList section */
		2C68376A28237A0800251070 /* Build configuration list for PBXProject "iosAssessment3" */ = {
			isa = XCConfigurationList;
			buildConfigurations = (
				2C68378128237A0A00251070 /* Debug */,
				2C68378228237A0A00251070 /* Release */,
			);
			defaultConfigurationIsVisible = 0;
			defaultConfigurationName = Release;
		};
		2C68378328237A0A00251070 /* Build configuration list for PBXNativeTarget "iosAssessment3" */ = {
			isa = XCConfigurationList;
			buildConfigurations = (
				2C68378428237A0A00251070 /* Debug */,
				2C68378528237A0A00251070 /* Release */,
			);
			defaultConfigurationIsVisible = 0;
			defaultConfigurationName = Release;
		};
/* End XCConfigurationList section */
	};
	rootObject = 2C68376728237A0800251070 /* Project object */;
}
