// !$*UTF8*$!
{
	archiveVersion = 1;
	classes = {
	};
	objectVersion = 55;
	objects = {

/* Begin PBXBuildFile section */
		2C3509552834F59D0015ACC2 /* UserData.swift in Sources */ = {isa = PBXBuildFile; fileRef = 2C3509542834F59D0015ACC2 /* UserData.swift */; };
		2C3509642834F9390015ACC2 /* run.jpg in Resources */ = {isa = PBXBuildFile; fileRef = 2C3509562834F9380015ACC2 /* run.jpg */; };
		2C3509652834F9390015ACC2 /* dance.jpg in Resources */ = {isa = PBXBuildFile; fileRef = 2C3509572834F9380015ACC2 /* dance.jpg */; };
		2C3509662834F9390015ACC2 /* basketball.jpg in Resources */ = {isa = PBXBuildFile; fileRef = 2C3509582834F9380015ACC2 /* basketball.jpg */; };
		2C3509672834F9390015ACC2 /* tennis.jpg in Resources */ = {isa = PBXBuildFile; fileRef = 2C3509592834F9380015ACC2 /* tennis.jpg */; };
		2C3509682834F9390015ACC2 /* jump.jpg in Resources */ = {isa = PBXBuildFile; fileRef = 2C35095A2834F9390015ACC2 /* jump.jpg */; };
		2C3509692834F9390015ACC2 /* snooker.jpg in Resources */ = {isa = PBXBuildFile; fileRef = 2C35095B2834F9390015ACC2 /* snooker.jpg */; };
		2C35096A2834F9390015ACC2 /* bicycle.jpg in Resources */ = {isa = PBXBuildFile; fileRef = 2C35095C2834F9390015ACC2 /* bicycle.jpg */; };
		2C35096B2834F9390015ACC2 /* swimming.jpg in Resources */ = {isa = PBXBuildFile; fileRef = 2C35095D2834F9390015ACC2 /* swimming.jpg */; };
		2C35096C2834F9390015ACC2 /* boxing.jpg in Resources */ = {isa = PBXBuildFile; fileRef = 2C35095E2834F9390015ACC2 /* boxing.jpg */; };
		2C35096D2834F9390015ACC2 /* walk.jpg in Resources */ = {isa = PBXBuildFile; fileRef = 2C35095F2834F9390015ACC2 /* walk.jpg */; };
		2C35096E2834F9390015ACC2 /* sit-up.jpg in Resources */ = {isa = PBXBuildFile; fileRef = 2C3509602834F9390015ACC2 /* sit-up.jpg */; };
		2C35096F2834F9390015ACC2 /* football.jpg in Resources */ = {isa = PBXBuildFile; fileRef = 2C3509612834F9390015ACC2 /* football.jpg */; };
		2C3509702834F9390015ACC2 /* skiing.jpg in Resources */ = {isa = PBXBuildFile; fileRef = 2C3509622834F9390015ACC2 /* skiing.jpg */; };
		2C3509712834F9390015ACC2 /* golf.jpg in Resources */ = {isa = PBXBuildFile; fileRef = 2C3509632834F9390015ACC2 /* golf.jpg */; };
		2C3509732834FC440015ACC2 /* UserDataEditVC.swift in Sources */ = {isa = PBXBuildFile; fileRef = 2C3509722834FC440015ACC2 /* UserDataEditVC.swift */; };
		2C3509752835444E0015ACC2 /* UserProfileVC.swift in Sources */ = {isa = PBXBuildFile; fileRef = 2C3509742835444E0015ACC2 /* UserProfileVC.swift */; };
		2C35097728361D580015ACC2 /* CalorieCalculator.swift in Sources */ = {isa = PBXBuildFile; fileRef = 2C35097628361D580015ACC2 /* CalorieCalculator.swift */; };
		2C350999283673A80015ACC2 /* AddItemVC.swift in Sources */ = {isa = PBXBuildFile; fileRef = 2C350998283673A80015ACC2 /* AddItemVC.swift */; };
		2C3509A0283680D30015ACC2 /* unionFood.jpg in Resources */ = {isa = PBXBuildFile; fileRef = 2C35099E283680D30015ACC2 /* unionFood.jpg */; };
		2C3509A1283680D30015ACC2 /* unionSport.jpg in Resources */ = {isa = PBXBuildFile; fileRef = 2C35099F283680D30015ACC2 /* unionSport.jpg */; };
		2C5767632833C5BB006608A5 /* Pasta.jpg in Resources */ = {isa = PBXBuildFile; fileRef = 2C57674E2833C5BA006608A5 /* Pasta.jpg */; };
		2C5767642833C5BB006608A5 /* Pumpkin.jpg in Resources */ = {isa = PBXBuildFile; fileRef = 2C57674F2833C5BA006608A5 /* Pumpkin.jpg */; };
		2C5767652833C5BB006608A5 /* Chicken breast.jpg in Resources */ = {isa = PBXBuildFile; fileRef = 2C5767502833C5BA006608A5 /* Chicken breast.jpg */; };
		2C5767662833C5BB006608A5 /* Cheese.jpg in Resources */ = {isa = PBXBuildFile; fileRef = 2C5767512833C5BA006608A5 /* Cheese.jpg */; };
		2C5767672833C5BB006608A5 /* Orange.jpg in Resources */ = {isa = PBXBuildFile; fileRef = 2C5767522833C5BA006608A5 /* Orange.jpg */; };
		2C5767682833C5BB006608A5 /* Apple in Resources */ = {isa = PBXBuildFile; fileRef = 2C5767532833C5BA006608A5 /* Apple */; };
		2C5767692833C5BB006608A5 /* Egg.jpg in Resources */ = {isa = PBXBuildFile; fileRef = 2C5767542833C5BB006608A5 /* Egg.jpg */; };
		2C57676A2833C5BB006608A5 /* Bread.jpg in Resources */ = {isa = PBXBuildFile; fileRef = 2C5767552833C5BB006608A5 /* Bread.jpg */; };
		2C57676B2833C5BB006608A5 /* Beef.jpg in Resources */ = {isa = PBXBuildFile; fileRef = 2C5767562833C5BB006608A5 /* Beef.jpg */; };
		2C57676C2833C5BB006608A5 /* Shrimp.jpg in Resources */ = {isa = PBXBuildFile; fileRef = 2C5767572833C5BB006608A5 /* Shrimp.jpg */; };
		2C57676D2833C5BB006608A5 /* Corn.jpg in Resources */ = {isa = PBXBuildFile; fileRef = 2C5767582833C5BB006608A5 /* Corn.jpg */; };
		2C57676E2833C5BB006608A5 /* Watermelon.jpg in Resources */ = {isa = PBXBuildFile; fileRef = 2C5767592833C5BB006608A5 /* Watermelon.jpg */; };
		2C57676F2833C5BB006608A5 /* Mango.jpg in Resources */ = {isa = PBXBuildFile; fileRef = 2C57675A2833C5BB006608A5 /* Mango.jpg */; };
		2C5767702833C5BB006608A5 /* Grape.jpg in Resources */ = {isa = PBXBuildFile; fileRef = 2C57675B2833C5BB006608A5 /* Grape.jpg */; };
		2C5767712833C5BB006608A5 /* Chips.jpg in Resources */ = {isa = PBXBuildFile; fileRef = 2C57675C2833C5BB006608A5 /* Chips.jpg */; };
		2C5767722833C5BB006608A5 /* Peach.jpg in Resources */ = {isa = PBXBuildFile; fileRef = 2C57675D2833C5BB006608A5 /* Peach.jpg */; };
		2C5767732833C5BB006608A5 /* Pork.jpg in Resources */ = {isa = PBXBuildFile; fileRef = 2C57675E2833C5BB006608A5 /* Pork.jpg */; };
		2C5767742833C5BB006608A5 /* Mushroom.jpg in Resources */ = {isa = PBXBuildFile; fileRef = 2C57675F2833C5BB006608A5 /* Mushroom.jpg */; };
		2C5767752833C5BB006608A5 /* Fish.jpg in Resources */ = {isa = PBXBuildFile; fileRef = 2C5767602833C5BB006608A5 /* Fish.jpg */; };
		2C5767762833C5BB006608A5 /* Lamb.jpg in Resources */ = {isa = PBXBuildFile; fileRef = 2C5767612833C5BB006608A5 /* Lamb.jpg */; };
		2C5767772833C5BB006608A5 /* Seaweed.jpg in Resources */ = {isa = PBXBuildFile; fileRef = 2C5767622833C5BB006608A5 /* Seaweed.jpg */; };
		2C68377328237A0800251070 /* AppDelegate.swift in Sources */ = {isa = PBXBuildFile; fileRef = 2C68377228237A0800251070 /* AppDelegate.swift */; };
		2C68377528237A0800251070 /* SceneDelegate.swift in Sources */ = {isa = PBXBuildFile; fileRef = 2C68377428237A0800251070 /* SceneDelegate.swift */; };
		2C68377728237A0800251070 /* HomeVC.swift in Sources */ = {isa = PBXBuildFile; fileRef = 2C68377628237A0800251070 /* HomeVC.swift */; };
		2C68377A28237A0800251070 /* Main.storyboard in Resources */ = {isa = PBXBuildFile; fileRef = 2C68377828237A0800251070 /* Main.storyboard */; };
		2C68377C28237A0A00251070 /* Assets.xcassets in Resources */ = {isa = PBXBuildFile; fileRef = 2C68377B28237A0A00251070 /* Assets.xcassets */; };
		2C68377F28237A0A00251070 /* LaunchScreen.storyboard in Resources */ = {isa = PBXBuildFile; fileRef = 2C68377D28237A0A00251070 /* LaunchScreen.storyboard */; };
		2C6837B1282B9A4300251070 /* FoodVC.swift in Sources */ = {isa = PBXBuildFile; fileRef = 2C6837B0282B9A4300251070 /* FoodVC.swift */; };
		2C6837B3282BA47400251070 /* Food.swift in Sources */ = {isa = PBXBuildFile; fileRef = 2C6837B2282BA47400251070 /* Food.swift */; };
		2C6837B5282BA55500251070 /* Exercise.swift in Sources */ = {isa = PBXBuildFile; fileRef = 2C6837B4282BA55500251070 /* Exercise.swift */; };
/* End PBXBuildFile section */

/* Begin PBXFileReference section */
		2C3509542834F59D0015ACC2 /* UserData.swift */ = {isa = PBXFileReference; lastKnownFileType = sourcecode.swift; path = UserData.swift; sourceTree = "<group>"; };
		2C3509562834F9380015ACC2 /* run.jpg */ = {isa = PBXFileReference; lastKnownFileType = image.jpeg; path = run.jpg; sourceTree = "<group>"; };
		2C3509572834F9380015ACC2 /* dance.jpg */ = {isa = PBXFileReference; lastKnownFileType = image.jpeg; path = dance.jpg; sourceTree = "<group>"; };
		2C3509582834F9380015ACC2 /* basketball.jpg */ = {isa = PBXFileReference; lastKnownFileType = image.jpeg; path = basketball.jpg; sourceTree = "<group>"; };
		2C3509592834F9380015ACC2 /* tennis.jpg */ = {isa = PBXFileReference; lastKnownFileType = image.jpeg; path = tennis.jpg; sourceTree = "<group>"; };
		2C35095A2834F9390015ACC2 /* jump.jpg */ = {isa = PBXFileReference; lastKnownFileType = image.jpeg; path = jump.jpg; sourceTree = "<group>"; };
		2C35095B2834F9390015ACC2 /* snooker.jpg */ = {isa = PBXFileReference; lastKnownFileType = image.jpeg; path = snooker.jpg; sourceTree = "<group>"; };
		2C35095C2834F9390015ACC2 /* bicycle.jpg */ = {isa = PBXFileReference; lastKnownFileType = image.jpeg; path = bicycle.jpg; sourceTree = "<group>"; };
		2C35095D2834F9390015ACC2 /* swimming.jpg */ = {isa = PBXFileReference; lastKnownFileType = image.jpeg; path = swimming.jpg; sourceTree = "<group>"; };
		2C35095E2834F9390015ACC2 /* boxing.jpg */ = {isa = PBXFileReference; lastKnownFileType = image.jpeg; path = boxing.jpg; sourceTree = "<group>"; };
		2C35095F2834F9390015ACC2 /* walk.jpg */ = {isa = PBXFileReference; lastKnownFileType = image.jpeg; path = walk.jpg; sourceTree = "<group>"; };
		2C3509602834F9390015ACC2 /* sit-up.jpg */ = {isa = PBXFileReference; lastKnownFileType = image.jpeg; path = "sit-up.jpg"; sourceTree = "<group>"; };
		2C3509612834F9390015ACC2 /* football.jpg */ = {isa = PBXFileReference; lastKnownFileType = image.jpeg; path = football.jpg; sourceTree = "<group>"; };
		2C3509622834F9390015ACC2 /* skiing.jpg */ = {isa = PBXFileReference; lastKnownFileType = image.jpeg; path = skiing.jpg; sourceTree = "<group>"; };
		2C3509632834F9390015ACC2 /* golf.jpg */ = {isa = PBXFileReference; lastKnownFileType = image.jpeg; path = golf.jpg; sourceTree = "<group>"; };
		2C3509722834FC440015ACC2 /* UserDataEditVC.swift */ = {isa = PBXFileReference; lastKnownFileType = sourcecode.swift; path = UserDataEditVC.swift; sourceTree = "<group>"; };
		2C3509742835444E0015ACC2 /* UserProfileVC.swift */ = {isa = PBXFileReference; lastKnownFileType = sourcecode.swift; path = UserProfileVC.swift; sourceTree = "<group>"; };
		2C35097628361D580015ACC2 /* CalorieCalculator.swift */ = {isa = PBXFileReference; lastKnownFileType = sourcecode.swift; path = CalorieCalculator.swift; sourceTree = "<group>"; };
		2C350998283673A80015ACC2 /* AddItemVC.swift */ = {isa = PBXFileReference; lastKnownFileType = sourcecode.swift; path = AddItemVC.swift; sourceTree = "<group>"; };
		2C35099E283680D30015ACC2 /* unionFood.jpg */ = {isa = PBXFileReference; lastKnownFileType = image.jpeg; path = unionFood.jpg; sourceTree = "<group>"; };
		2C35099F283680D30015ACC2 /* unionSport.jpg */ = {isa = PBXFileReference; lastKnownFileType = image.jpeg; path = unionSport.jpg; sourceTree = "<group>"; };
		2C57674E2833C5BA006608A5 /* Pasta.jpg */ = {isa = PBXFileReference; lastKnownFileType = image.jpeg; path = Pasta.jpg; sourceTree = "<group>"; };
		2C57674F2833C5BA006608A5 /* Pumpkin.jpg */ = {isa = PBXFileReference; lastKnownFileType = image.jpeg; path = Pumpkin.jpg; sourceTree = "<group>"; };
		2C5767502833C5BA006608A5 /* Chicken breast.jpg */ = {isa = PBXFileReference; lastKnownFileType = image.jpeg; path = "Chicken breast.jpg"; sourceTree = "<group>"; };
		2C5767512833C5BA006608A5 /* Cheese.jpg */ = {isa = PBXFileReference; lastKnownFileType = image.jpeg; path = Cheese.jpg; sourceTree = "<group>"; };
		2C5767522833C5BA006608A5 /* Orange.jpg */ = {isa = PBXFileReference; lastKnownFileType = image.jpeg; path = Orange.jpg; sourceTree = "<group>"; };
		2C5767532833C5BA006608A5 /* Apple */ = {isa = PBXFileReference; lastKnownFileType = file; path = Apple; sourceTree = "<group>"; };
		2C5767542833C5BB006608A5 /* Egg.jpg */ = {isa = PBXFileReference; lastKnownFileType = image.jpeg; path = Egg.jpg; sourceTree = "<group>"; };
		2C5767552833C5BB006608A5 /* Bread.jpg */ = {isa = PBXFileReference; lastKnownFileType = image.jpeg; path = Bread.jpg; sourceTree = "<group>"; };
		2C5767562833C5BB006608A5 /* Beef.jpg */ = {isa = PBXFileReference; lastKnownFileType = image.jpeg; path = Beef.jpg; sourceTree = "<group>"; };
		2C5767572833C5BB006608A5 /* Shrimp.jpg */ = {isa = PBXFileReference; lastKnownFileType = image.jpeg; path = Shrimp.jpg; sourceTree = "<group>"; };
		2C5767582833C5BB006608A5 /* Corn.jpg */ = {isa = PBXFileReference; lastKnownFileType = image.jpeg; path = Corn.jpg; sourceTree = "<group>"; };
		2C5767592833C5BB006608A5 /* Watermelon.jpg */ = {isa = PBXFileReference; lastKnownFileType = image.jpeg; path = Watermelon.jpg; sourceTree = "<group>"; };
		2C57675A2833C5BB006608A5 /* Mango.jpg */ = {isa = PBXFileReference; lastKnownFileType = image.jpeg; path = Mango.jpg; sourceTree = "<group>"; };
		2C57675B2833C5BB006608A5 /* Grape.jpg */ = {isa = PBXFileReference; lastKnownFileType = image.jpeg; path = Grape.jpg; sourceTree = "<group>"; };
		2C57675C2833C5BB006608A5 /* Chips.jpg */ = {isa = PBXFileReference; lastKnownFileType = image.jpeg; path = Chips.jpg; sourceTree = "<group>"; };
		2C57675D2833C5BB006608A5 /* Peach.jpg */ = {isa = PBXFileReference; lastKnownFileType = image.jpeg; path = Peach.jpg; sourceTree = "<group>"; };
		2C57675E2833C5BB006608A5 /* Pork.jpg */ = {isa = PBXFileReference; lastKnownFileType = image.jpeg; path = Pork.jpg; sourceTree = "<group>"; };
		2C57675F2833C5BB006608A5 /* Mushroom.jpg */ = {isa = PBXFileReference; lastKnownFileType = image.jpeg; path = Mushroom.jpg; sourceTree = "<group>"; };
		2C5767602833C5BB006608A5 /* Fish.jpg */ = {isa = PBXFileReference; lastKnownFileType = image.jpeg; path = Fish.jpg; sourceTree = "<group>"; };
		2C5767612833C5BB006608A5 /* Lamb.jpg */ = {isa = PBXFileReference; lastKnownFileType = image.jpeg; path = Lamb.jpg; sourceTree = "<group>"; };
		2C5767622833C5BB006608A5 /* Seaweed.jpg */ = {isa = PBXFileReference; lastKnownFileType = image.jpeg; path = Seaweed.jpg; sourceTree = "<group>"; };
		2C68376F28237A0800251070 /* iosAssessment3.app */ = {isa = PBXFileReference; explicitFileType = wrapper.application; includeInIndex = 0; path = iosAssessment3.app; sourceTree = BUILT_PRODUCTS_DIR; };
		2C68377228237A0800251070 /* AppDelegate.swift */ = {isa = PBXFileReference; lastKnownFileType = sourcecode.swift; path = AppDelegate.swift; sourceTree = "<group>"; };
		2C68377428237A0800251070 /* SceneDelegate.swift */ = {isa = PBXFileReference; lastKnownFileType = sourcecode.swift; path = SceneDelegate.swift; sourceTree = "<group>"; };
		2C68377628237A0800251070 /* HomeVC.swift */ = {isa = PBXFileReference; lastKnownFileType = sourcecode.swift; path = HomeVC.swift; sourceTree = "<group>"; };
		2C68377928237A0800251070 /* Base */ = {isa = PBXFileReference; lastKnownFileType = file.storyboard; name = Base; path = Base.lproj/Main.storyboard; sourceTree = "<group>"; };
		2C68377B28237A0A00251070 /* Assets.xcassets */ = {isa = PBXFileReference; lastKnownFileType = folder.assetcatalog; path = Assets.xcassets; sourceTree = "<group>"; };
		2C68377E28237A0A00251070 /* Base */ = {isa = PBXFileReference; lastKnownFileType = file.storyboard; name = Base; path = Base.lproj/LaunchScreen.storyboard; sourceTree = "<group>"; };
		2C68378028237A0A00251070 /* Info.plist */ = {isa = PBXFileReference; lastKnownFileType = text.plist.xml; path = Info.plist; sourceTree = "<group>"; };
		2C6837B0282B9A4300251070 /* FoodVC.swift */ = {isa = PBXFileReference; lastKnownFileType = sourcecode.swift; path = FoodVC.swift; sourceTree = "<group>"; };
		2C6837B2282BA47400251070 /* Food.swift */ = {isa = PBXFileReference; lastKnownFileType = sourcecode.swift; path = Food.swift; sourceTree = "<group>"; };
		2C6837B4282BA55500251070 /* Exercise.swift */ = {isa = PBXFileReference; lastKnownFileType = sourcecode.swift; path = Exercise.swift; sourceTree = "<group>"; };
/* End PBXFileReference section */

/* Begin PBXFrameworksBuildPhase section */
		2C68376C28237A0800251070 /* Frameworks */ = {
			isa = PBXFrameworksBuildPhase;
			buildActionMask = 2147483647;
			files = (
			);
			runOnlyForDeploymentPostprocessing = 0;
		};
/* End PBXFrameworksBuildPhase section */

/* Begin PBXGroup section */
		2C3509532834F5840015ACC2 /* tool */ = {
			isa = PBXGroup;
			children = (
				2C3509542834F59D0015ACC2 /* UserData.swift */,
				2C35097628361D580015ACC2 /* CalorieCalculator.swift */,
			);
			path = tool;
			sourceTree = "<group>";
		};
		2C68376628237A0800251070 = {
			isa = PBXGroup;
			children = (
				2C68377128237A0800251070 /* iosAssessment3 */,
				2C68377028237A0800251070 /* Products */,
			);
			sourceTree = "<group>";
		};
		2C68377028237A0800251070 /* Products */ = {
			isa = PBXGroup;
			children = (
				2C68376F28237A0800251070 /* iosAssessment3.app */,
			);
			name = Products;
			sourceTree = "<group>";
		};
		2C68377128237A0800251070 /* iosAssessment3 */ = {
			isa = PBXGroup;
			children = (
				2C3509532834F5840015ACC2 /* tool */,
				2C6837BA282BB0E900251070 /* photo */,
				2C68378928237B6800251070 /* model */,
				2C68378728237B5900251070 /* contoller */,
				2C68378628237B5300251070 /* view */,
				2C68377228237A0800251070 /* AppDelegate.swift */,
				2C68377428237A0800251070 /* SceneDelegate.swift */,
				2C68377B28237A0A00251070 /* Assets.xcassets */,
				2C68377D28237A0A00251070 /* LaunchScreen.storyboard */,
				2C68378028237A0A00251070 /* Info.plist */,
			);
			path = iosAssessment3;
			sourceTree = "<group>";
		};
		2C68378628237B5300251070 /* view */ = {
			isa = PBXGroup;
			children = (
				2C68377828237A0800251070 /* Main.storyboard */,
			);
			path = view;
			sourceTree = "<group>";
		};
		2C68378728237B5900251070 /* contoller */ = {
			isa = PBXGroup;
			children = (
				2C68377628237A0800251070 /* HomeVC.swift */,
				2C6837B0282B9A4300251070 /* FoodVC.swift */,
				2C3509722834FC440015ACC2 /* UserDataEditVC.swift */,
				2C3509742835444E0015ACC2 /* UserProfileVC.swift */,
				2C350998283673A80015ACC2 /* AddItemVC.swift */,
			);
			path = contoller;
			sourceTree = "<group>";
		};
		2C68378928237B6800251070 /* model */ = {
			isa = PBXGroup;
			children = (
				2C6837B2282BA47400251070 /* Food.swift */,
				2C6837B4282BA55500251070 /* Exercise.swift */,
			);
			path = model;
			sourceTree = "<group>";
		};
		2C6837BA282BB0E900251070 /* photo */ = {
			isa = PBXGroup;
			children = (
				2C35099F283680D30015ACC2 /* unionSport.jpg */,
				2C35099E283680D30015ACC2 /* unionFood.jpg */,
				2C3509582834F9380015ACC2 /* basketball.jpg */,
				2C35095C2834F9390015ACC2 /* bicycle.jpg */,
				2C35095E2834F9390015ACC2 /* boxing.jpg */,
				2C3509572834F9380015ACC2 /* dance.jpg */,
				2C3509612834F9390015ACC2 /* football.jpg */,
				2C3509632834F9390015ACC2 /* golf.jpg */,
				2C35095A2834F9390015ACC2 /* jump.jpg */,
				2C3509562834F9380015ACC2 /* run.jpg */,
				2C3509602834F9390015ACC2 /* sit-up.jpg */,
				2C3509622834F9390015ACC2 /* skiing.jpg */,
				2C35095B2834F9390015ACC2 /* snooker.jpg */,
				2C35095D2834F9390015ACC2 /* swimming.jpg */,
				2C3509592834F9380015ACC2 /* tennis.jpg */,
				2C35095F2834F9390015ACC2 /* walk.jpg */,
				2C5767532833C5BA006608A5 /* Apple */,
				2C5767562833C5BB006608A5 /* Beef.jpg */,
				2C5767552833C5BB006608A5 /* Bread.jpg */,
				2C5767512833C5BA006608A5 /* Cheese.jpg */,
				2C5767502833C5BA006608A5 /* Chicken breast.jpg */,
				2C57675C2833C5BB006608A5 /* Chips.jpg */,
				2C5767582833C5BB006608A5 /* Corn.jpg */,
				2C5767542833C5BB006608A5 /* Egg.jpg */,
				2C5767602833C5BB006608A5 /* Fish.jpg */,
				2C57675B2833C5BB006608A5 /* Grape.jpg */,
				2C5767612833C5BB006608A5 /* Lamb.jpg */,
				2C57675A2833C5BB006608A5 /* Mango.jpg */,
				2C57675F2833C5BB006608A5 /* Mushroom.jpg */,
				2C5767522833C5BA006608A5 /* Orange.jpg */,
				2C57674E2833C5BA006608A5 /* Pasta.jpg */,
				2C57675D2833C5BB006608A5 /* Peach.jpg */,
				2C57675E2833C5BB006608A5 /* Pork.jpg */,
				2C57674F2833C5BA006608A5 /* Pumpkin.jpg */,
				2C5767622833C5BB006608A5 /* Seaweed.jpg */,
				2C5767572833C5BB006608A5 /* Shrimp.jpg */,
				2C5767592833C5BB006608A5 /* Watermelon.jpg */,
			);
			path = photo;
			sourceTree = "<group>";
		};
/* End PBXGroup section */

/* Begin PBXNativeTarget section */
		2C68376E28237A0800251070 /* iosAssessment3 */ = {
			isa = PBXNativeTarget;
			buildConfigurationList = 2C68378328237A0A00251070 /* Build configuration list for PBXNativeTarget "iosAssessment3" */;
			buildPhases = (
				2C68376B28237A0800251070 /* Sources */,
				2C68376C28237A0800251070 /* Frameworks */,
				2C68376D28237A0800251070 /* Resources */,
			);
			buildRules = (
			);
			dependencies = (
			);
			name = iosAssessment3;
			productName = iosAssessment3;
			productReference = 2C68376F28237A0800251070 /* iosAssessment3.app */;
			productType = "com.apple.product-type.application";
		};
/* End PBXNativeTarget section */

/* Begin PBXProject section */
		2C68376728237A0800251070 /* Project object */ = {
			isa = PBXProject;
			attributes = {
				BuildIndependentTargetsInParallel = 1;
				LastSwiftUpdateCheck = 1330;
				LastUpgradeCheck = 1330;
				TargetAttributes = {
					2C68376E28237A0800251070 = {
						CreatedOnToolsVersion = 13.3.1;
					};
				};
			};
			buildConfigurationList = 2C68376A28237A0800251070 /* Build configuration list for PBXProject "iosAssessment3" */;
			compatibilityVersion = "Xcode 13.0";
			developmentRegion = en;
			hasScannedForEncodings = 0;
			knownRegions = (
				en,
				Base,
			);
			mainGroup = 2C68376628237A0800251070;
			productRefGroup = 2C68377028237A0800251070 /* Products */;
			projectDirPath = "";
			projectRoot = "";
			targets = (
				2C68376E28237A0800251070 /* iosAssessment3 */,
			);
		};
/* End PBXProject section */

/* Begin PBXResourcesBuildPhase section */
		2C68376D28237A0800251070 /* Resources */ = {
			isa = PBXResourcesBuildPhase;
			buildActionMask = 2147483647;
			files = (
				2C35096D2834F9390015ACC2 /* walk.jpg in Resources */,
				2C3509702834F9390015ACC2 /* skiing.jpg in Resources */,
				2C5767682833C5BB006608A5 /* Apple in Resources */,
				2C3509A1283680D30015ACC2 /* unionSport.jpg in Resources */,
				2C35096F2834F9390015ACC2 /* football.jpg in Resources */,
				2C57676E2833C5BB006608A5 /* Watermelon.jpg in Resources */,
				2C5767722833C5BB006608A5 /* Peach.jpg in Resources */,
				2C3509692834F9390015ACC2 /* snooker.jpg in Resources */,
				2C3509712834F9390015ACC2 /* golf.jpg in Resources */,
				2C3509682834F9390015ACC2 /* jump.jpg in Resources */,
				2C3509652834F9390015ACC2 /* dance.jpg in Resources */,
				2C35096B2834F9390015ACC2 /* swimming.jpg in Resources */,
				2C57676D2833C5BB006608A5 /* Corn.jpg in Resources */,
				2C5767692833C5BB006608A5 /* Egg.jpg in Resources */,
				2C3509672834F9390015ACC2 /* tennis.jpg in Resources */,
				2C68377F28237A0A00251070 /* LaunchScreen.storyboard in Resources */,
				2C5767632833C5BB006608A5 /* Pasta.jpg in Resources */,
				2C5767732833C5BB006608A5 /* Pork.jpg in Resources */,
				2C5767772833C5BB006608A5 /* Seaweed.jpg in Resources */,
				2C35096C2834F9390015ACC2 /* boxing.jpg in Resources */,
				2C5767742833C5BB006608A5 /* Mushroom.jpg in Resources */,
				2C35096A2834F9390015ACC2 /* bicycle.jpg in Resources */,
				2C57676C2833C5BB006608A5 /* Shrimp.jpg in Resources */,
				2C3509662834F9390015ACC2 /* basketball.jpg in Resources */,
				2C5767712833C5BB006608A5 /* Chips.jpg in Resources */,
				2C5767752833C5BB006608A5 /* Fish.jpg in Resources */,
				2C68377C28237A0A00251070 /* Assets.xcassets in Resources */,
				2C35096E2834F9390015ACC2 /* sit-up.jpg in Resources */,
				2C57676B2833C5BB006608A5 /* Beef.jpg in Resources */,
				2C5767642833C5BB006608A5 /* Pumpkin.jpg in Resources */,
				2C3509642834F9390015ACC2 /* run.jpg in Resources */,
				2C57676F2833C5BB006608A5 /* Mango.jpg in Resources */,
				2C57676A2833C5BB006608A5 /* Bread.jpg in Resources */,
				2C68377A28237A0800251070 /* Main.storyboard in Resources */,
				2C5767672833C5BB006608A5 /* Orange.jpg in Resources */,
				2C5767662833C5BB006608A5 /* Cheese.jpg in Resources */,
				2C3509A0283680D30015ACC2 /* unionFood.jpg in Resources */,
				2C5767702833C5BB006608A5 /* Grape.jpg in Resources */,
				2C5767652833C5BB006608A5 /* Chicken breast.jpg in Resources */,
				2C5767762833C5BB006608A5 /* Lamb.jpg in Resources */,
			);
			runOnlyForDeploymentPostprocessing = 0;
		};
/* End PBXResourcesBuildPhase section */

/* Begin PBXSourcesBuildPhase section */
		2C68376B28237A0800251070 /* Sources */ = {
			isa = PBXSourcesBuildPhase;
			buildActionMask = 2147483647;
			files = (
				2C6837B1282B9A4300251070 /* FoodVC.swift in Sources */,
				2C68377728237A0800251070 /* HomeVC.swift in Sources */,
				2C3509552834F59D0015ACC2 /* UserData.swift in Sources */,
				2C6837B3282BA47400251070 /* Food.swift in Sources */,
				2C68377328237A0800251070 /* AppDelegate.swift in Sources */,
				2C350999283673A80015ACC2 /* AddItemVC.swift in Sources */,
				2C3509752835444E0015ACC2 /* UserProfileVC.swift in Sources */,
				2C3509732834FC440015ACC2 /* UserDataEditVC.swift in Sources */,
				2C35097728361D580015ACC2 /* CalorieCalculator.swift in Sources */,
				2C68377528237A0800251070 /* SceneDelegate.swift in Sources */,
				2C6837B5282BA55500251070 /* Exercise.swift in Sources */,
			);
			runOnlyForDeploymentPostprocessing = 0;
		};
/* End PBXSourcesBuildPhase section */

/* Begin PBXVariantGroup section */
		2C68377828237A0800251070 /* Main.storyboard */ = {
			isa = PBXVariantGroup;
			children = (
				2C68377928237A0800251070 /* Base */,
			);
			name = Main.storyboard;
			sourceTree = "<group>";
		};
		2C68377D28237A0A00251070 /* LaunchScreen.storyboard */ = {
			isa = PBXVariantGroup;
			children = (
				2C68377E28237A0A00251070 /* Base */,
			);
			name = LaunchScreen.storyboard;
			sourceTree = "<group>";
		};
/* End PBXVariantGroup section */

/* Begin XCBuildConfiguration section */
		2C68378128237A0A00251070 /* Debug */ = {
			isa = XCBuildConfiguration;
			buildSettings = {
				ALWAYS_SEARCH_USER_PATHS = NO;
				CLANG_ANALYZER_NONNULL = YES;
				CLANG_ANALYZER_NUMBER_OBJECT_CONVERSION = YES_AGGRESSIVE;
				CLANG_CXX_LANGUAGE_STANDARD = "gnu++17";
				CLANG_ENABLE_MODULES = YES;
				CLANG_ENABLE_OBJC_ARC = YES;
				CLANG_ENABLE_OBJC_WEAK = YES;
				CLANG_WARN_BLOCK_CAPTURE_AUTORELEASING = YES;
				CLANG_WARN_BOOL_CONVERSION = YES;
				CLANG_WARN_COMMA = YES;
				CLANG_WARN_CONSTANT_CONVERSION = YES;
				CLANG_WARN_DEPRECATED_OBJC_IMPLEMENTATIONS = YES;
				CLANG_WARN_DIRECT_OBJC_ISA_USAGE = YES_ERROR;
				CLANG_WARN_DOCUMENTATION_COMMENTS = YES;
				CLANG_WARN_EMPTY_BODY = YES;
				CLANG_WARN_ENUM_CONVERSION = YES;
				CLANG_WARN_INFINITE_RECURSION = YES;
				CLANG_WARN_INT_CONVERSION = YES;
				CLANG_WARN_NON_LITERAL_NULL_CONVERSION = YES;
				CLANG_WARN_OBJC_IMPLICIT_RETAIN_SELF = YES;
				CLANG_WARN_OBJC_LITERAL_CONVERSION = YES;
				CLANG_WARN_OBJC_ROOT_CLASS = YES_ERROR;
				CLANG_WARN_QUOTED_INCLUDE_IN_FRAMEWORK_HEADER = YES;
				CLANG_WARN_RANGE_LOOP_ANALYSIS = YES;
				CLANG_WARN_STRICT_PROTOTYPES = YES;
				CLANG_WARN_SUSPICIOUS_MOVE = YES;
				CLANG_WARN_UNGUARDED_AVAILABILITY = YES_AGGRESSIVE;
				CLANG_WARN_UNREACHABLE_CODE = YES;
				CLANG_WARN__DUPLICATE_METHOD_MATCH = YES;
				COPY_PHASE_STRIP = NO;
				DEBUG_INFORMATION_FORMAT = dwarf;
				ENABLE_STRICT_OBJC_MSGSEND = YES;
				ENABLE_TESTABILITY = YES;
				GCC_C_LANGUAGE_STANDARD = gnu11;
				GCC_DYNAMIC_NO_PIC = NO;
				GCC_NO_COMMON_BLOCKS = YES;
				GCC_OPTIMIZATION_LEVEL = 0;
				GCC_PREPROCESSOR_DEFINITIONS = (
					"DEBUG=1",
					"$(inherited)",
				);
				GCC_WARN_64_TO_32_BIT_CONVERSION = YES;
				GCC_WARN_ABOUT_RETURN_TYPE = YES_ERROR;
				GCC_WARN_UNDECLARED_SELECTOR = YES;
				GCC_WARN_UNINITIALIZED_AUTOS = YES_AGGRESSIVE;
				GCC_WARN_UNUSED_FUNCTION = YES;
				GCC_WARN_UNUSED_VARIABLE = YES;
				IPHONEOS_DEPLOYMENT_TARGET = 15.4;
				MTL_ENABLE_DEBUG_INFO = INCLUDE_SOURCE;
				MTL_FAST_MATH = YES;
				ONLY_ACTIVE_ARCH = YES;
				SDKROOT = iphoneos;
				SWIFT_ACTIVE_COMPILATION_CONDITIONS = DEBUG;
				SWIFT_OPTIMIZATION_LEVEL = "-Onone";
			};
			name = Debug;
		};
		2C68378228237A0A00251070 /* Release */ = {
			isa = XCBuildConfiguration;
			buildSettings = {
				ALWAYS_SEARCH_USER_PATHS = NO;
				CLANG_ANALYZER_NONNULL = YES;
				CLANG_ANALYZER_NUMBER_OBJECT_CONVERSION = YES_AGGRESSIVE;
				CLANG_CXX_LANGUAGE_STANDARD = "gnu++17";
				CLANG_ENABLE_MODULES = YES;
				CLANG_ENABLE_OBJC_ARC = YES;
				CLANG_ENABLE_OBJC_WEAK = YES;
				CLANG_WARN_BLOCK_CAPTURE_AUTORELEASING = YES;
				CLANG_WARN_BOOL_CONVERSION = YES;
				CLANG_WARN_COMMA = YES;
				CLANG_WARN_CONSTANT_CONVERSION = YES;
				CLANG_WARN_DEPRECATED_OBJC_IMPLEMENTATIONS = YES;
				CLANG_WARN_DIRECT_OBJC_ISA_USAGE = YES_ERROR;
				CLANG_WARN_DOCUMENTATION_COMMENTS = YES;
				CLANG_WARN_EMPTY_BODY = YES;
				CLANG_WARN_ENUM_CONVERSION = YES;
				CLANG_WARN_INFINITE_RECURSION = YES;
				CLANG_WARN_INT_CONVERSION = YES;
				CLANG_WARN_NON_LITERAL_NULL_CONVERSION = YES;
				CLANG_WARN_OBJC_IMPLICIT_RETAIN_SELF = YES;
				CLANG_WARN_OBJC_LITERAL_CONVERSION = YES;
				CLANG_WARN_OBJC_ROOT_CLASS = YES_ERROR;
				CLANG_WARN_QUOTED_INCLUDE_IN_FRAMEWORK_HEADER = YES;
				CLANG_WARN_RANGE_LOOP_ANALYSIS = YES;
				CLANG_WARN_STRICT_PROTOTYPES = YES;
				CLANG_WARN_SUSPICIOUS_MOVE = YES;
				CLANG_WARN_UNGUARDED_AVAILABILITY = YES_AGGRESSIVE;
				CLANG_WARN_UNREACHABLE_CODE = YES;
				CLANG_WARN__DUPLICATE_METHOD_MATCH = YES;
				COPY_PHASE_STRIP = NO;
				DEBUG_INFORMATION_FORMAT = "dwarf-with-dsym";
				ENABLE_NS_ASSERTIONS = NO;
				ENABLE_STRICT_OBJC_MSGSEND = YES;
				GCC_C_LANGUAGE_STANDARD = gnu11;
				GCC_NO_COMMON_BLOCKS = YES;
				GCC_WARN_64_TO_32_BIT_CONVERSION = YES;
				GCC_WARN_ABOUT_RETURN_TYPE = YES_ERROR;
				GCC_WARN_UNDECLARED_SELECTOR = YES;
				GCC_WARN_UNINITIALIZED_AUTOS = YES_AGGRESSIVE;
				GCC_WARN_UNUSED_FUNCTION = YES;
				GCC_WARN_UNUSED_VARIABLE = YES;
				IPHONEOS_DEPLOYMENT_TARGET = 15.4;
				MTL_ENABLE_DEBUG_INFO = NO;
				MTL_FAST_MATH = YES;
				SDKROOT = iphoneos;
				SWIFT_COMPILATION_MODE = wholemodule;
				SWIFT_OPTIMIZATION_LEVEL = "-O";
				VALIDATE_PRODUCT = YES;
			};
			name = Release;
		};
		2C68378428237A0A00251070 /* Debug */ = {
			isa = XCBuildConfiguration;
			buildSettings = {
				ASSETCATALOG_COMPILER_APPICON_NAME = AppIcon;
				ASSETCATALOG_COMPILER_GLOBAL_ACCENT_COLOR_NAME = AccentColor;
				CODE_SIGN_STYLE = Automatic;
				CURRENT_PROJECT_VERSION = 1;
				DEVELOPMENT_TEAM = 6D9K9TX262;
				GENERATE_INFOPLIST_FILE = YES;
				INFOPLIST_FILE = iosAssessment3/Info.plist;
				INFOPLIST_KEY_UIApplicationSupportsIndirectInputEvents = YES;
				INFOPLIST_KEY_UILaunchStoryboardName = LaunchScreen;
				INFOPLIST_KEY_UIMainStoryboardFile = Main;
				INFOPLIST_KEY_UISupportedInterfaceOrientations_iPad = "UIInterfaceOrientationPortrait UIInterfaceOrientationPortraitUpsideDown UIInterfaceOrientationLandscapeLeft UIInterfaceOrientationLandscapeRight";
				INFOPLIST_KEY_UISupportedInterfaceOrientations_iPhone = "UIInterfaceOrientationPortrait UIInterfaceOrientationLandscapeLeft UIInterfaceOrientationLandscapeRight";
				IPHONEOS_DEPLOYMENT_TARGET = 15.2;
				LD_RUNPATH_SEARCH_PATHS = (
					"$(inherited)",
					"@executable_path/Frameworks",
				);
				MARKETING_VERSION = 1.0;
				PRODUCT_BUNDLE_IDENTIFIER = com.wjb.iosAssessment3;
				PRODUCT_NAME = "$(TARGET_NAME)";
				SWIFT_EMIT_LOC_STRINGS = YES;
				SWIFT_VERSION = 5.0;
				TARGETED_DEVICE_FAMILY = "1,2";
			};
			name = Debug;
		};
		2C68378528237A0A00251070 /* Release */ = {
			isa = XCBuildConfiguration;
			buildSettings = {
				ASSETCATALOG_COMPILER_APPICON_NAME = AppIcon;
				ASSETCATALOG_COMPILER_GLOBAL_ACCENT_COLOR_NAME = AccentColor;
				CODE_SIGN_STYLE = Automatic;
				CURRENT_PROJECT_VERSION = 1;
				DEVELOPMENT_TEAM = 6D9K9TX262;
				GENERATE_INFOPLIST_FILE = YES;
				INFOPLIST_FILE = iosAssessment3/Info.plist;
				INFOPLIST_KEY_UIApplicationSupportsIndirectInputEvents = YES;
				INFOPLIST_KEY_UILaunchStoryboardName = LaunchScreen;
				INFOPLIST_KEY_UIMainStoryboardFile = Main;
				INFOPLIST_KEY_UISupportedInterfaceOrientations_iPad = "UIInterfaceOrientationPortrait UIInterfaceOrientationPortraitUpsideDown UIInterfaceOrientationLandscapeLeft UIInterfaceOrientationLandscapeRight";
				INFOPLIST_KEY_UISupportedInterfaceOrientations_iPhone = "UIInterfaceOrientationPortrait UIInterfaceOrientationLandscapeLeft UIInterfaceOrientationLandscapeRight";
				IPHONEOS_DEPLOYMENT_TARGET = 15.2;
				LD_RUNPATH_SEARCH_PATHS = (
					"$(inherited)",
					"@executable_path/Frameworks",
				);
				MARKETING_VERSION = 1.0;
				PRODUCT_BUNDLE_IDENTIFIER = com.wjb.iosAssessment3;
				PRODUCT_NAME = "$(TARGET_NAME)";
				SWIFT_EMIT_LOC_STRINGS = YES;
				SWIFT_VERSION = 5.0;
				TARGETED_DEVICE_FAMILY = "1,2";
			};
			name = Release;
		};
/* End XCBuildConfiguration section */

/* Begin XCConfigurationList section */
		2C68376A28237A0800251070 /* Build configuration list for PBXProject "iosAssessment3" */ = {
			isa = XCConfigurationList;
			buildConfigurations = (
				2C68378128237A0A00251070 /* Debug */,
				2C68378228237A0A00251070 /* Release */,
			);
			defaultConfigurationIsVisible = 0;
			defaultConfigurationName = Release;
		};
		2C68378328237A0A00251070 /* Build configuration list for PBXNativeTarget "iosAssessment3" */ = {
			isa = XCConfigurationList;
			buildConfigurations = (
				2C68378428237A0A00251070 /* Debug */,
				2C68378528237A0A00251070 /* Release */,
			);
			defaultConfigurationIsVisible = 0;
			defaultConfigurationName = Release;
		};
/* End XCConfigurationList section */
	};
	rootObject = 2C68376728237A0800251070 /* Project object */;
}
